PODS:
  - Flutter (1.0.0)
  - google_mlkit_document_scanner (0.4.0):
    - Flutter
  - open_filex (0.0.2):
    - Flutter
  - share_plus (0.0.1):
    - Flutter

DEPENDENCIES:
  - Flutter (from `Flutter`)
  - google_mlkit_document_scanner (from `.symlinks/plugins/google_mlkit_document_scanner/ios`)
  - open_filex (from `.symlinks/plugins/open_filex/ios`)
  - share_plus (from `.symlinks/plugins/share_plus/ios`)

EXTERNAL SOURCES:
  Flutter:
    :path: Flutter
  google_mlkit_document_scanner:
    :path: ".symlinks/plugins/google_mlkit_document_scanner/ios"
  open_filex:
    :path: ".symlinks/plugins/open_filex/ios"
  share_plus:
    :path: ".symlinks/plugins/share_plus/ios"

SPEC CHECKSUMS:
  Flutter: cabc95a1d2626b1b06e7179b784ebcf0c0cde467
  google_mlkit_document_scanner: b17fc45e9f935d88d6a8a7898dd169ffb680b8f4
  open_filex: 432f3cd11432da3e39f47fcc0df2b1603854eff1
  share_plus: 50da8cb520a8f0f65671c6c6a99b3617ed10a58a

PODFILE CHECKSUM: 07de65af562856e27e5951c84a3a6721564f5f7f

COCOAPODS: 1.16.2
